// !$*UTF8*$!
{
	archiveVersion = 1;
	classes = {
	};
	objectVersion = 56;
	objects = {

/* Begin PBXBuildFile section */
		F6318DF72A6E5063009DF55F /* AppDelegate.swift in Sources */ = {isa = PBXBuildFile; fileRef = F6318DF62A6E5063009DF55F /* AppDelegate.swift */; };
		F6318DF92A6E5063009DF55F /* SceneDelegate.swift in Sources */ = {isa = PBXBuildFile; fileRef = F6318DF82A6E5063009DF55F /* SceneDelegate.swift */; };
		F6318DFB2A6E5063009DF55F /* ViewController.swift in Sources */ = {isa = PBXBuildFile; fileRef = F6318DFA2A6E5063009DF55F /* ViewController.swift */; };
		F6318DFE2A6E5063009DF55F /* Main.storyboard in Resources */ = {isa = PBXBuildFile; fileRef = F6318DFC2A6E5063009DF55F /* Main.storyboard */; };
		F6318E002A6E5066009DF55F /* Assets.xcassets in Resources */ = {isa = PBXBuildFile; fileRef = F6318DFF2A6E5066009DF55F /* Assets.xcassets */; };
		F6318E032A6E5066009DF55F /* LaunchScreen.storyboard in Resources */ = {isa = PBXBuildFile; fileRef = F6318E012A6E5066009DF55F /* LaunchScreen.storyboard */; };
		F6318E0E2A6E5066009DF55F /* GitAppTests.swift in Sources */ = {isa = PBXBuildFile; fileRef = F6318E0D2A6E5066009DF55F /* GitAppTests.swift */; };
		F6318E182A6E5066009DF55F /* GitAppUITests.swift in Sources */ = {isa = PBXBuildFile; fileRef = F6318E172A6E5066009DF55F /* GitAppUITests.swift */; };
		F6318E1A2A6E5066009DF55F /* GitAppUITestsLaunchTests.swift in Sources */ = {isa = PBXBuildFile; fileRef = F6318E192A6E5066009DF55F /* GitAppUITestsLaunchTests.swift */; };
/* End PBXBuildFile section */

/* Begin PBXContainerItemProxy section */
		F6318E0A2A6E5066009DF55F /* PBXContainerItemProxy */ = {
			isa = PBXContainerItemProxy;
			containerPortal = F6318DEB2A6E5063009DF55F /* Project object */;
			proxyType = 1;
			remoteGlobalIDString = F6318DF22A6E5063009DF55F;
			remoteInfo = GitApp;
		};
		F6318E142A6E5066009DF55F /* PBXContainerItemProxy */ = {
			isa = PBXContainerItemProxy;
			containerPortal = F6318DEB2A6E5063009DF55F /* Project object */;
			proxyType = 1;
			remoteGlobalIDString = F6318DF22A6E5063009DF55F;
			remoteInfo = GitApp;
		};
/* End PBXContainerItemProxy section */

/* Begin PBXFileReference section */
		F6318DF32A6E5063009DF55F /* GitApp.app */ = {isa = PBXFileReference; explicitFileType = wrapper.application; includeInIndex = 0; path = GitApp.app; sourceTree = BUILT_PRODUCTS_DIR; };
		F6318DF62A6E5063009DF55F /* AppDelegate.swift */ = {isa = PBXFileReference; lastKnownFileType = sourcecode.swift; path = AppDelegate.swift; sourceTree = "<group>"; };
		F6318DF82A6E5063009DF55F /* SceneDelegate.swift */ = {isa = PBXFileReference; lastKnownFileType = sourcecode.swift; path = SceneDelegate.swift; sourceTree = "<group>"; };
		F6318DFA2A6E5063009DF55F /* ViewController.swift */ = {isa = PBXFileReference; lastKnownFileType = sourcecode.swift; path = ViewController.swift; sourceTree = "<group>"; };
		F6318DFD2A6E5063009DF55F /* Base */ = {isa = PBXFileReference; lastKnownFileType = file.storyboard; name = Base; path = Base.lproj/Main.storyboard; sourceTree = "<group>"; };
		F6318DFF2A6E5066009DF55F /* Assets.xcassets */ = {isa = PBXFileReference; lastKnownFileType = folder.assetcatalog; path = Assets.xcassets; sourceTree = "<group>"; };
		F6318E022A6E5066009DF55F /* Base */ = {isa = PBXFileReference; lastKnownFileType = file.storyboard; name = Base; path = Base.lproj/LaunchScreen.storyboard; sourceTree = "<group>"; };
		F6318E042A6E5066009DF55F /* Info.plist */ = {isa = PBXFileReference; lastKnownFileType = text.plist.xml; path = Info.plist; sourceTree = "<group>"; };
		F6318E092A6E5066009DF55F /* GitAppTests.xctest */ = {isa = PBXFileReference; explicitFileType = wrapper.cfbundle; includeInIndex = 0; path = GitAppTests.xctest; sourceTree = BUILT_PRODUCTS_DIR; };
		F6318E0D2A6E5066009DF55F /* GitAppTests.swift */ = {isa = PBXFileReference; lastKnownFileType = sourcecode.swift; path = GitAppTests.swift; sourceTree = "<group>"; };
		F6318E132A6E5066009DF55F /* GitAppUITests.xctest */ = {isa = PBXFileReference; explicitFileType = wrapper.cfbundle; includeInIndex = 0; path = GitAppUITests.xctest; sourceTree = BUILT_PRODUCTS_DIR; };
		F6318E172A6E5066009DF55F /* GitAppUITests.swift */ = {isa = PBXFileReference; lastKnownFileType = sourcecode.swift; path = GitAppUITests.swift; sourceTree = "<group>"; };
		F6318E192A6E5066009DF55F /* GitAppUITestsLaunchTests.swift */ = {isa = PBXFileReference; lastKnownFileType = sourcecode.swift; path = GitAppUITestsLaunchTests.swift; sourceTree = "<group>"; };
		F6318E272A6E50B0009DF55F /* Network */ = {isa = PBXFileReference; lastKnownFileType = wrapper; path = Network; sourceTree = "<group>"; };
		F6318E282A6E50BC009DF55F /* DomainLayer */ = {isa = PBXFileReference; lastKnownFileType = wrapper; path = DomainLayer; sourceTree = "<group>"; };
		F6318E292A6E50C4009DF55F /* DataLayer */ = {isa = PBXFileReference; lastKnownFileType = wrapper; path = DataLayer; sourceTree = "<group>"; };
		F6318E2A2A6E50CE009DF55F /* PresentationLayer */ = {isa = PBXFileReference; lastKnownFileType = wrapper; path = PresentationLayer; sourceTree = "<group>"; };
/* End PBXFileReference section */

/* Begin PBXFrameworksBuildPhase section */
		F6318DF02A6E5063009DF55F /* Frameworks */ = {
			isa = PBXFrameworksBuildPhase;
			buildActionMask = 2147483647;
			files = (
			);
			runOnlyForDeploymentPostprocessing = 0;
		};
		F6318E062A6E5066009DF55F /* Frameworks */ = {
			isa = PBXFrameworksBuildPhase;
			buildActionMask = 2147483647;
			files = (
			);
			runOnlyForDeploymentPostprocessing = 0;
		};
		F6318E102A6E5066009DF55F /* Frameworks */ = {
			isa = PBXFrameworksBuildPhase;
			buildActionMask = 2147483647;
			files = (
			);
			runOnlyForDeploymentPostprocessing = 0;
		};
/* End PBXFrameworksBuildPhase section */

/* Begin PBXGroup section */
		F6318DEA2A6E5063009DF55F = {
			isa = PBXGroup;
			children = (
				F6318E262A6E50B0009DF55F /* Packages */,
				F6318DF52A6E5063009DF55F /* GitApp */,
				F6318E0C2A6E5066009DF55F /* GitAppTests */,
				F6318E162A6E5066009DF55F /* GitAppUITests */,
				F6318DF42A6E5063009DF55F /* Products */,
			);
			sourceTree = "<group>";
		};
		F6318DF42A6E5063009DF55F /* Products */ = {
			isa = PBXGroup;
			children = (
				F6318DF32A6E5063009DF55F /* GitApp.app */,
				F6318E092A6E5066009DF55F /* GitAppTests.xctest */,
				F6318E132A6E5066009DF55F /* GitAppUITests.xctest */,
			);
			name = Products;
			sourceTree = "<group>";
		};
		F6318DF52A6E5063009DF55F /* GitApp */ = {
			isa = PBXGroup;
			children = (
				F6318DF62A6E5063009DF55F /* AppDelegate.swift */,
				F6318DF82A6E5063009DF55F /* SceneDelegate.swift */,
				F6318DFA2A6E5063009DF55F /* ViewController.swift */,
				F6318DFC2A6E5063009DF55F /* Main.storyboard */,
				F6318DFF2A6E5066009DF55F /* Assets.xcassets */,
				F6318E012A6E5066009DF55F /* LaunchScreen.storyboard */,
				F6318E042A6E5066009DF55F /* Info.plist */,
			);
			path = GitApp;
			sourceTree = "<group>";
		};
		F6318E0C2A6E5066009DF55F /* GitAppTests */ = {
			isa = PBXGroup;
			children = (
				F6318E0D2A6E5066009DF55F /* GitAppTests.swift */,
			);
			path = GitAppTests;
			sourceTree = "<group>";
		};
		F6318E162A6E5066009DF55F /* GitAppUITests */ = {
			isa = PBXGroup;
			children = (
				F6318E172A6E5066009DF55F /* GitAppUITests.swift */,
				F6318E192A6E5066009DF55F /* GitAppUITestsLaunchTests.swift */,
			);
			path = GitAppUITests;
			sourceTree = "<group>";
		};
		F6318E262A6E50B0009DF55F /* Packages */ = {
			isa = PBXGroup;
			children = (
				F6318E272A6E50B0009DF55F /* Network */,
				F6318E282A6E50BC009DF55F /* DomainLayer */,
				F6318E292A6E50C4009DF55F /* DataLayer */,
				F6318E2A2A6E50CE009DF55F /* PresentationLayer */,
			);
			name = Packages;
			sourceTree = "<group>";
		};
/* End PBXGroup section */

/* Begin PBXNativeTarget section */
		F6318DF22A6E5063009DF55F /* GitApp */ = {
			isa = PBXNativeTarget;
			buildConfigurationList = F6318E1D2A6E5066009DF55F /* Build configuration list for PBXNativeTarget "GitApp" */;
			buildPhases = (
				F6318DEF2A6E5063009DF55F /* Sources */,
				F6318DF02A6E5063009DF55F /* Frameworks */,
				F6318DF12A6E5063009DF55F /* Resources */,
			);
			buildRules = (
			);
			dependencies = (
			);
			name = GitApp;
			productName = GitApp;
			productReference = F6318DF32A6E5063009DF55F /* GitApp.app */;
			productType = "com.apple.product-type.application";
		};
		F6318E082A6E5066009DF55F /* GitAppTests */ = {
			isa = PBXNativeTarget;
			buildConfigurationList = F6318E202A6E5066009DF55F /* Build configuration list for PBXNativeTarget "GitAppTests" */;
			buildPhases = (
				F6318E052A6E5066009DF55F /* Sources */,
				F6318E062A6E5066009DF55F /* Frameworks */,
				F6318E072A6E5066009DF55F /* Resources */,
			);
			buildRules = (
			);
			dependencies = (
				F6318E0B2A6E5066009DF55F /* PBXTargetDependency */,
			);
			name = GitAppTests;
			productName = GitAppTests;
			productReference = F6318E092A6E5066009DF55F /* GitAppTests.xctest */;
			productType = "com.apple.product-type.bundle.unit-test";
		};
		F6318E122A6E5066009DF55F /* GitAppUITests */ = {
			isa = PBXNativeTarget;
			buildConfigurationList = F6318E232A6E5066009DF55F /* Build configuration list for PBXNativeTarget "GitAppUITests" */;
			buildPhases = (
				F6318E0F2A6E5066009DF55F /* Sources */,
				F6318E102A6E5066009DF55F /* Frameworks */,
				F6318E112A6E5066009DF55F /* Resources */,
			);
			buildRules = (
			);
			dependencies = (
				F6318E152A6E5066009DF55F /* PBXTargetDependency */,
			);
			name = GitAppUITests;
			productName = GitAppUITests;
			productReference = F6318E132A6E5066009DF55F /* GitAppUITests.xctest */;
			productType = "com.apple.product-type.bundle.ui-testing";
		};
/* End PBXNativeTarget section */

/* Begin PBXProject section */
		F6318DEB2A6E5063009DF55F /* Project object */ = {
			isa = PBXProject;
			attributes = {
				BuildIndependentTargetsInParallel = 1;
				LastSwiftUpdateCheck = 1430;
				LastUpgradeCheck = 1430;
				TargetAttributes = {
					F6318DF22A6E5063009DF55F = {
						CreatedOnToolsVersion = 14.3;
					};
					F6318E082A6E5066009DF55F = {
						CreatedOnToolsVersion = 14.3;
						TestTargetID = F6318DF22A6E5063009DF55F;
					};
					F6318E122A6E5066009DF55F = {
						CreatedOnToolsVersion = 14.3;
						TestTargetID = F6318DF22A6E5063009DF55F;
					};
				};
			};
			buildConfigurationList = F6318DEE2A6E5063009DF55F /* Build configuration list for PBXProject "GitApp" */;
			compatibilityVersion = "Xcode 14.0";
			developmentRegion = en;
			hasScannedForEncodings = 0;
			knownRegions = (
				en,
				Base,
			);
			mainGroup = F6318DEA2A6E5063009DF55F;
			productRefGroup = F6318DF42A6E5063009DF55F /* Products */;
			projectDirPath = "";
			projectRoot = "";
			targets = (
				F6318DF22A6E5063009DF55F /* GitApp */,
				F6318E082A6E5066009DF55F /* GitAppTests */,
				F6318E122A6E5066009DF55F /* GitAppUITests */,
			);
		};
/* End PBXProject section */

/* Begin PBXResourcesBuildPhase section */
		F6318DF12A6E5063009DF55F /* Resources */ = {
			isa = PBXResourcesBuildPhase;
			buildActionMask = 2147483647;
			files = (
				F6318E032A6E5066009DF55F /* LaunchScreen.storyboard in Resources */,
				F6318E002A6E5066009DF55F /* Assets.xcassets in Resources */,
				F6318DFE2A6E5063009DF55F /* Main.storyboard in Resources */,
			);
			runOnlyForDeploymentPostprocessing = 0;
		};
		F6318E072A6E5066009DF55F /* Resources */ = {
			isa = PBXResourcesBuildPhase;
			buildActionMask = 2147483647;
			files = (
			);
			runOnlyForDeploymentPostprocessing = 0;
		};
		F6318E112A6E5066009DF55F /* Resources */ = {
			isa = PBXResourcesBuildPhase;
			buildActionMask = 2147483647;
			files = (
			);
			runOnlyForDeploymentPostprocessing = 0;
		};
/* End PBXResourcesBuildPhase section */

/* Begin PBXSourcesBuildPhase section */
		F6318DEF2A6E5063009DF55F /* Sources */ = {
			isa = PBXSourcesBuildPhase;
			buildActionMask = 2147483647;
			files = (
				F6318DFB2A6E5063009DF55F /* ViewController.swift in Sources */,
				F6318DF72A6E5063009DF55F /* AppDelegate.swift in Sources */,
				F6318DF92A6E5063009DF55F /* SceneDelegate.swift in Sources */,
			);
			runOnlyForDeploymentPostprocessing = 0;
		};
		F6318E052A6E5066009DF55F /* Sources */ = {
			isa = PBXSourcesBuildPhase;
			buildActionMask = 2147483647;
			files = (
				F6318E0E2A6E5066009DF55F /* GitAppTests.swift in Sources */,
			);
			runOnlyForDeploymentPostprocessing = 0;
		};
		F6318E0F2A6E5066009DF55F /* Sources */ = {
			isa = PBXSourcesBuildPhase;
			buildActionMask = 2147483647;
			files = (
				F6318E182A6E5066009DF55F /* GitAppUITests.swift in Sources */,
				F6318E1A2A6E5066009DF55F /* GitAppUITestsLaunchTests.swift in Sources */,
			);
			runOnlyForDeploymentPostprocessing = 0;
		};
/* End PBXSourcesBuildPhase section */

/* Begin PBXTargetDependency section */
		F6318E0B2A6E5066009DF55F /* PBXTargetDependency */ = {
			isa = PBXTargetDependency;
			target = F6318DF22A6E5063009DF55F /* GitApp */;
			targetProxy = F6318E0A2A6E5066009DF55F /* PBXContainerItemProxy */;
		};
		F6318E152A6E5066009DF55F /* PBXTargetDependency */ = {
			isa = PBXTargetDependency;
			target = F6318DF22A6E5063009DF55F /* GitApp */;
			targetProxy = F6318E142A6E5066009DF55F /* PBXContainerItemProxy */;
		};
/* End PBXTargetDependency section */

/* Begin PBXVariantGroup section */
		F6318DFC2A6E5063009DF55F /* Main.storyboard */ = {
			isa = PBXVariantGroup;
			children = (
				F6318DFD2A6E5063009DF55F /* Base */,
			);
			name = Main.storyboard;
			sourceTree = "<group>";
		};
		F6318E012A6E5066009DF55F /* LaunchScreen.storyboard */ = {
			isa = PBXVariantGroup;
			children = (
				F6318E022A6E5066009DF55F /* Base */,
			);
			name = LaunchScreen.storyboard;
			sourceTree = "<group>";
		};
/* End PBXVariantGroup section */

/* Begin XCBuildConfiguration section */
		F6318E1B2A6E5066009DF55F /* Debug */ = {
			isa = XCBuildConfiguration;
			buildSettings = {
				ALWAYS_SEARCH_USER_PATHS = NO;
				CLANG_ANALYZER_NONNULL = YES;
				CLANG_ANALYZER_NUMBER_OBJECT_CONVERSION = YES_AGGRESSIVE;
				CLANG_CXX_LANGUAGE_STANDARD = "gnu++20";
				CLANG_ENABLE_MODULES = YES;
				CLANG_ENABLE_OBJC_ARC = YES;
				CLANG_ENABLE_OBJC_WEAK = YES;
				CLANG_WARN_BLOCK_CAPTURE_AUTORELEASING = YES;
				CLANG_WARN_BOOL_CONVERSION = YES;
				CLANG_WARN_COMMA = YES;
				CLANG_WARN_CONSTANT_CONVERSION = YES;
				CLANG_WARN_DEPRECATED_OBJC_IMPLEMENTATIONS = YES;
				CLANG_WARN_DIRECT_OBJC_ISA_USAGE = YES_ERROR;
				CLANG_WARN_DOCUMENTATION_COMMENTS = YES;
				CLANG_WARN_EMPTY_BODY = YES;
				CLANG_WARN_ENUM_CONVERSION = YES;
				CLANG_WARN_INFINITE_RECURSION = YES;
				CLANG_WARN_INT_CONVERSION = YES;
				CLANG_WARN_NON_LITERAL_NULL_CONVERSION = YES;
				CLANG_WARN_OBJC_IMPLICIT_RETAIN_SELF = YES;
				CLANG_WARN_OBJC_LITERAL_CONVERSION = YES;
				CLANG_WARN_OBJC_ROOT_CLASS = YES_ERROR;
				CLANG_WARN_QUOTED_INCLUDE_IN_FRAMEWORK_HEADER = YES;
				CLANG_WARN_RANGE_LOOP_ANALYSIS = YES;
				CLANG_WARN_STRICT_PROTOTYPES = YES;
				CLANG_WARN_SUSPICIOUS_MOVE = YES;
				CLANG_WARN_UNGUARDED_AVAILABILITY = YES_AGGRESSIVE;
				CLANG_WARN_UNREACHABLE_CODE = YES;
				CLANG_WARN__DUPLICATE_METHOD_MATCH = YES;
				COPY_PHASE_STRIP = NO;
				DEBUG_INFORMATION_FORMAT = dwarf;
				ENABLE_STRICT_OBJC_MSGSEND = YES;
				ENABLE_TESTABILITY = YES;
				GCC_C_LANGUAGE_STANDARD = gnu11;
				GCC_DYNAMIC_NO_PIC = NO;
				GCC_NO_COMMON_BLOCKS = YES;
				GCC_OPTIMIZATION_LEVEL = 0;
				GCC_PREPROCESSOR_DEFINITIONS = (
					"DEBUG=1",
					"$(inherited)",
				);
				GCC_WARN_64_TO_32_BIT_CONVERSION = YES;
				GCC_WARN_ABOUT_RETURN_TYPE = YES_ERROR;
				GCC_WARN_UNDECLARED_SELECTOR = YES;
				GCC_WARN_UNINITIALIZED_AUTOS = YES_AGGRESSIVE;
				GCC_WARN_UNUSED_FUNCTION = YES;
				GCC_WARN_UNUSED_VARIABLE = YES;
				IPHONEOS_DEPLOYMENT_TARGET = 16.4;
				MTL_ENABLE_DEBUG_INFO = INCLUDE_SOURCE;
				MTL_FAST_MATH = YES;
				ONLY_ACTIVE_ARCH = YES;
				SDKROOT = iphoneos;
				SWIFT_ACTIVE_COMPILATION_CONDITIONS = DEBUG;
				SWIFT_OPTIMIZATION_LEVEL = "-Onone";
			};
			name = Debug;
		};
		F6318E1C2A6E5066009DF55F /* Release */ = {
			isa = XCBuildConfiguration;
			buildSettings = {
				ALWAYS_SEARCH_USER_PATHS = NO;
				CLANG_ANALYZER_NONNULL = YES;
				CLANG_ANALYZER_NUMBER_OBJECT_CONVERSION = YES_AGGRESSIVE;
				CLANG_CXX_LANGUAGE_STANDARD = "gnu++20";
				CLANG_ENABLE_MODULES = YES;
				CLANG_ENABLE_OBJC_ARC = YES;
				CLANG_ENABLE_OBJC_WEAK = YES;
				CLANG_WARN_BLOCK_CAPTURE_AUTORELEASING = YES;
				CLANG_WARN_BOOL_CONVERSION = YES;
				CLANG_WARN_COMMA = YES;
				CLANG_WARN_CONSTANT_CONVERSION = YES;
				CLANG_WARN_DEPRECATED_OBJC_IMPLEMENTATIONS = YES;
				CLANG_WARN_DIRECT_OBJC_ISA_USAGE = YES_ERROR;
				CLANG_WARN_DOCUMENTATION_COMMENTS = YES;
				CLANG_WARN_EMPTY_BODY = YES;
				CLANG_WARN_ENUM_CONVERSION = YES;
				CLANG_WARN_INFINITE_RECURSION = YES;
				CLANG_WARN_INT_CONVERSION = YES;
				CLANG_WARN_NON_LITERAL_NULL_CONVERSION = YES;
				CLANG_WARN_OBJC_IMPLICIT_RETAIN_SELF = YES;
				CLANG_WARN_OBJC_LITERAL_CONVERSION = YES;
				CLANG_WARN_OBJC_ROOT_CLASS = YES_ERROR;
				CLANG_WARN_QUOTED_INCLUDE_IN_FRAMEWORK_HEADER = YES;
				CLANG_WARN_RANGE_LOOP_ANALYSIS = YES;
				CLANG_WARN_STRICT_PROTOTYPES = YES;
				CLANG_WARN_SUSPICIOUS_MOVE = YES;
				CLANG_WARN_UNGUARDED_AVAILABILITY = YES_AGGRESSIVE;
				CLANG_WARN_UNREACHABLE_CODE = YES;
				CLANG_WARN__DUPLICATE_METHOD_MATCH = YES;
				COPY_PHASE_STRIP = NO;
				DEBUG_INFORMATION_FORMAT = "dwarf-with-dsym";
				ENABLE_NS_ASSERTIONS = NO;
				ENABLE_STRICT_OBJC_MSGSEND = YES;
				GCC_C_LANGUAGE_STANDARD = gnu11;
				GCC_NO_COMMON_BLOCKS = YES;
				GCC_WARN_64_TO_32_BIT_CONVERSION = YES;
				GCC_WARN_ABOUT_RETURN_TYPE = YES_ERROR;
				GCC_WARN_UNDECLARED_SELECTOR = YES;
				GCC_WARN_UNINITIALIZED_AUTOS = YES_AGGRESSIVE;
				GCC_WARN_UNUSED_FUNCTION = YES;
				GCC_WARN_UNUSED_VARIABLE = YES;
				IPHONEOS_DEPLOYMENT_TARGET = 16.4;
				MTL_ENABLE_DEBUG_INFO = NO;
				MTL_FAST_MATH = YES;
				SDKROOT = iphoneos;
				SWIFT_COMPILATION_MODE = wholemodule;
				SWIFT_OPTIMIZATION_LEVEL = "-O";
				VALIDATE_PRODUCT = YES;
			};
			name = Release;
		};
		F6318E1E2A6E5066009DF55F /* Debug */ = {
			isa = XCBuildConfiguration;
			buildSettings = {
				ASSETCATALOG_COMPILER_APPICON_NAME = AppIcon;
				ASSETCATALOG_COMPILER_GLOBAL_ACCENT_COLOR_NAME = AccentColor;
				CODE_SIGN_STYLE = Automatic;
				CURRENT_PROJECT_VERSION = 1;
				DEVELOPMENT_TEAM = J8H83TMLWY;
				GENERATE_INFOPLIST_FILE = YES;
				INFOPLIST_FILE = GitApp/Info.plist;
				INFOPLIST_KEY_UIApplicationSupportsIndirectInputEvents = YES;
				INFOPLIST_KEY_UILaunchStoryboardName = LaunchScreen;
				INFOPLIST_KEY_UIMainStoryboardFile = Main;
				INFOPLIST_KEY_UISupportedInterfaceOrientations_iPad = "UIInterfaceOrientationPortrait UIInterfaceOrientationPortraitUpsideDown UIInterfaceOrientationLandscapeLeft UIInterfaceOrientationLandscapeRight";
				INFOPLIST_KEY_UISupportedInterfaceOrientations_iPhone = "UIInterfaceOrientationPortrait UIInterfaceOrientationLandscapeLeft UIInterfaceOrientationLandscapeRight";
				LD_RUNPATH_SEARCH_PATHS = (
					"$(inherited)",
					"@executable_path/Frameworks",
				);
				MARKETING_VERSION = 1.0;
				PRODUCT_BUNDLE_IDENTIFIER = com.jobson.GitApp;
				PRODUCT_NAME = "$(TARGET_NAME)";
				SWIFT_EMIT_LOC_STRINGS = YES;
				SWIFT_VERSION = 5.0;
				TARGETED_DEVICE_FAMILY = "1,2";
			};
			name = Debug;
		};
		F6318E1F2A6E5066009DF55F /* Release */ = {
			isa = XCBuildConfiguration;
			buildSettings = {
				ASSETCATALOG_COMPILER_APPICON_NAME = AppIcon;
				ASSETCATALOG_COMPILER_GLOBAL_ACCENT_COLOR_NAME = AccentColor;
				CODE_SIGN_STYLE = Automatic;
				CURRENT_PROJECT_VERSION = 1;
				DEVELOPMENT_TEAM = J8H83TMLWY;
				GENERATE_INFOPLIST_FILE = YES;
				INFOPLIST_FILE = GitApp/Info.plist;
				INFOPLIST_KEY_UIApplicationSupportsIndirectInputEvents = YES;
				INFOPLIST_KEY_UILaunchStoryboardName = LaunchScreen;
				INFOPLIST_KEY_UIMainStoryboardFile = Main;
				INFOPLIST_KEY_UISupportedInterfaceOrientations_iPad = "UIInterfaceOrientationPortrait UIInterfaceOrientationPortraitUpsideDown UIInterfaceOrientationLandscapeLeft UIInterfaceOrientationLandscapeRight";
				INFOPLIST_KEY_UISupportedInterfaceOrientations_iPhone = "UIInterfaceOrientationPortrait UIInterfaceOrientationLandscapeLeft UIInterfaceOrientationLandscapeRight";
				LD_RUNPATH_SEARCH_PATHS = (
					"$(inherited)",
					"@executable_path/Frameworks",
				);
				MARKETING_VERSION = 1.0;
				PRODUCT_BUNDLE_IDENTIFIER = com.jobson.GitApp;
				PRODUCT_NAME = "$(TARGET_NAME)";
				SWIFT_EMIT_LOC_STRINGS = YES;
				SWIFT_VERSION = 5.0;
				TARGETED_DEVICE_FAMILY = "1,2";
			};
			name = Release;
		};
		F6318E212A6E5066009DF55F /* Debug */ = {
			isa = XCBuildConfiguration;
			buildSettings = {
				ALWAYS_EMBED_SWIFT_STANDARD_LIBRARIES = YES;
				BUNDLE_LOADER = "$(TEST_HOST)";
				CODE_SIGN_STYLE = Automatic;
				CURRENT_PROJECT_VERSION = 1;
				DEVELOPMENT_TEAM = J8H83TMLWY;
				GENERATE_INFOPLIST_FILE = YES;
				IPHONEOS_DEPLOYMENT_TARGET = 16.4;
				MARKETING_VERSION = 1.0;
				PRODUCT_BUNDLE_IDENTIFIER = com.jobson.GitAppTests;
				PRODUCT_NAME = "$(TARGET_NAME)";
				SWIFT_EMIT_LOC_STRINGS = NO;
				SWIFT_VERSION = 5.0;
				TARGETED_DEVICE_FAMILY = "1,2";
				TEST_HOST = "$(BUILT_PRODUCTS_DIR)/GitApp.app/$(BUNDLE_EXECUTABLE_FOLDER_PATH)/GitApp";
			};
			name = Debug;
		};
		F6318E222A6E5066009DF55F /* Release */ = {
			isa = XCBuildConfiguration;
			buildSettings = {
				ALWAYS_EMBED_SWIFT_STANDARD_LIBRARIES = YES;
				BUNDLE_LOADER = "$(TEST_HOST)";
				CODE_SIGN_STYLE = Automatic;
				CURRENT_PROJECT_VERSION = 1;
				DEVELOPMENT_TEAM = J8H83TMLWY;
				GENERATE_INFOPLIST_FILE = YES;
				IPHONEOS_DEPLOYMENT_TARGET = 16.4;
				MARKETING_VERSION = 1.0;
				PRODUCT_BUNDLE_IDENTIFIER = com.jobson.GitAppTests;
				PRODUCT_NAME = "$(TARGET_NAME)";
				SWIFT_EMIT_LOC_STRINGS = NO;
				SWIFT_VERSION = 5.0;
				TARGETED_DEVICE_FAMILY = "1,2";
				TEST_HOST = "$(BUILT_PRODUCTS_DIR)/GitApp.app/$(BUNDLE_EXECUTABLE_FOLDER_PATH)/GitApp";
			};
			name = Release;
		};
		F6318E242A6E5066009DF55F /* Debug */ = {
			isa = XCBuildConfiguration;
			buildSettings = {
				ALWAYS_EMBED_SWIFT_STANDARD_LIBRARIES = YES;
				CODE_SIGN_STYLE = Automatic;
				CURRENT_PROJECT_VERSION = 1;
				DEVELOPMENT_TEAM = J8H83TMLWY;
				GENERATE_INFOPLIST_FILE = YES;
				MARKETING_VERSION = 1.0;
				PRODUCT_BUNDLE_IDENTIFIER = com.jobson.GitAppUITests;
				PRODUCT_NAME = "$(TARGET_NAME)";
				SWIFT_EMIT_LOC_STRINGS = NO;
				SWIFT_VERSION = 5.0;
				TARGETED_DEVICE_FAMILY = "1,2";
				TEST_TARGET_NAME = GitApp;
			};
			name = Debug;
		};
		F6318E252A6E5066009DF55F /* Release */ = {
			isa = XCBuildConfiguration;
			buildSettings = {
				ALWAYS_EMBED_SWIFT_STANDARD_LIBRARIES = YES;
				CODE_SIGN_STYLE = Automatic;
				CURRENT_PROJECT_VERSION = 1;
				DEVELOPMENT_TEAM = J8H83TMLWY;
				GENERATE_INFOPLIST_FILE = YES;
				MARKETING_VERSION = 1.0;
				PRODUCT_BUNDLE_IDENTIFIER = com.jobson.GitAppUITests;
				PRODUCT_NAME = "$(TARGET_NAME)";
				SWIFT_EMIT_LOC_STRINGS = NO;
				SWIFT_VERSION = 5.0;
				TARGETED_DEVICE_FAMILY = "1,2";
				TEST_TARGET_NAME = GitApp;
			};
			name = Release;
		};
/* End XCBuildConfiguration section */

/* Begin XCConfigurationList section */
		F6318DEE2A6E5063009DF55F /* Build configuration list for PBXProject "GitApp" */ = {
			isa = XCConfigurationList;
			buildConfigurations = (
				F6318E1B2A6E5066009DF55F /* Debug */,
				F6318E1C2A6E5066009DF55F /* Release */,
			);
			defaultConfigurationIsVisible = 0;
			defaultConfigurationName = Release;
		};
		F6318E1D2A6E5066009DF55F /* Build configuration list for PBXNativeTarget "GitApp" */ = {
			isa = XCConfigurationList;
			buildConfigurations = (
				F6318E1E2A6E5066009DF55F /* Debug */,
				F6318E1F2A6E5066009DF55F /* Release */,
			);
			defaultConfigurationIsVisible = 0;
			defaultConfigurationName = Release;
		};
		F6318E202A6E5066009DF55F /* Build configuration list for PBXNativeTarget "GitAppTests" */ = {
			isa = XCConfigurationList;
			buildConfigurations = (
				F6318E212A6E5066009DF55F /* Debug */,
				F6318E222A6E5066009DF55F /* Release */,
			);
			defaultConfigurationIsVisible = 0;
			defaultConfigurationName = Release;
		};
		F6318E232A6E5066009DF55F /* Build configuration list for PBXNativeTarget "GitAppUITests" */ = {
			isa = XCConfigurationList;
			buildConfigurations = (
				F6318E242A6E5066009DF55F /* Debug */,
				F6318E252A6E5066009DF55F /* Release */,
			);
			defaultConfigurationIsVisible = 0;
			defaultConfigurationName = Release;
		};
/* End XCConfigurationList section */
	};
	rootObject = F6318DEB2A6E5063009DF55F /* Project object */;
}
